// !$*UTF8*$!
{
	archiveVersion = 1;
	classes = {
	};
	objectVersion = 55;
	objects = {

/* Begin PBXBuildFile section */
		51893FAA28DF15B000177A4C /* AppDelegate.swift in Sources */ = {isa = PBXBuildFile; fileRef = 51893FA928DF15B000177A4C /* AppDelegate.swift */; };
		51893FAC28DF15B000177A4C /* SceneDelegate.swift in Sources */ = {isa = PBXBuildFile; fileRef = 51893FAB28DF15B000177A4C /* SceneDelegate.swift */; };
		51893FAE28DF15B000177A4C /* ViewController.swift in Sources */ = {isa = PBXBuildFile; fileRef = 51893FAD28DF15B000177A4C /* ViewController.swift */; };
		51893FB128DF15B000177A4C /* Main.storyboard in Resources */ = {isa = PBXBuildFile; fileRef = 51893FAF28DF15B000177A4C /* Main.storyboard */; };
		51893FB328DF15B200177A4C /* Assets.xcassets in Resources */ = {isa = PBXBuildFile; fileRef = 51893FB228DF15B200177A4C /* Assets.xcassets */; };
		51893FB628DF15B200177A4C /* LaunchScreen.storyboard in Resources */ = {isa = PBXBuildFile; fileRef = 51893FB428DF15B200177A4C /* LaunchScreen.storyboard */; };
		51893FC128DF15B300177A4C /* storyboardAppTests.swift in Sources */ = {isa = PBXBuildFile; fileRef = 51893FC028DF15B300177A4C /* storyboardAppTests.swift */; };
		51893FCB28DF15B300177A4C /* storyboardAppUITests.swift in Sources */ = {isa = PBXBuildFile; fileRef = 51893FCA28DF15B300177A4C /* storyboardAppUITests.swift */; };
		51893FCD28DF15B300177A4C /* storyboardAppUITestsLaunchTests.swift in Sources */ = {isa = PBXBuildFile; fileRef = 51893FCC28DF15B300177A4C /* storyboardAppUITestsLaunchTests.swift */; };
/* End PBXBuildFile section */

/* Begin PBXContainerItemProxy section */
		51893FBD28DF15B300177A4C /* PBXContainerItemProxy */ = {
			isa = PBXContainerItemProxy;
			containerPortal = 51893F9E28DF15B000177A4C /* Project object */;
			proxyType = 1;
			remoteGlobalIDString = 51893FA528DF15B000177A4C;
			remoteInfo = storyboardApp;
		};
		51893FC728DF15B300177A4C /* PBXContainerItemProxy */ = {
			isa = PBXContainerItemProxy;
			containerPortal = 51893F9E28DF15B000177A4C /* Project object */;
			proxyType = 1;
			remoteGlobalIDString = 51893FA528DF15B000177A4C;
			remoteInfo = storyboardApp;
		};
/* End PBXContainerItemProxy section */

/* Begin PBXFileReference section */
		51893FA628DF15B000177A4C /* storyboardApp.app */ = {isa = PBXFileReference; explicitFileType = wrapper.application; includeInIndex = 0; path = storyboardApp.app; sourceTree = BUILT_PRODUCTS_DIR; };
		51893FA928DF15B000177A4C /* AppDelegate.swift */ = {isa = PBXFileReference; lastKnownFileType = sourcecode.swift; path = AppDelegate.swift; sourceTree = "<group>"; };
		51893FAB28DF15B000177A4C /* SceneDelegate.swift */ = {isa = PBXFileReference; lastKnownFileType = sourcecode.swift; path = SceneDelegate.swift; sourceTree = "<group>"; };
		51893FAD28DF15B000177A4C /* ViewController.swift */ = {isa = PBXFileReference; lastKnownFileType = sourcecode.swift; path = ViewController.swift; sourceTree = "<group>"; };
		51893FB028DF15B000177A4C /* Base */ = {isa = PBXFileReference; lastKnownFileType = file.storyboard; name = Base; path = Base.lproj/Main.storyboard; sourceTree = "<group>"; };
		51893FB228DF15B200177A4C /* Assets.xcassets */ = {isa = PBXFileReference; lastKnownFileType = folder.assetcatalog; path = Assets.xcassets; sourceTree = "<group>"; };
		51893FB528DF15B200177A4C /* Base */ = {isa = PBXFileReference; lastKnownFileType = file.storyboard; name = Base; path = Base.lproj/LaunchScreen.storyboard; sourceTree = "<group>"; };
		51893FB728DF15B200177A4C /* Info.plist */ = {isa = PBXFileReference; lastKnownFileType = text.plist.xml; path = Info.plist; sourceTree = "<group>"; };
		51893FBC28DF15B300177A4C /* storyboardAppTests.xctest */ = {isa = PBXFileReference; explicitFileType = wrapper.cfbundle; includeInIndex = 0; path = storyboardAppTests.xctest; sourceTree = BUILT_PRODUCTS_DIR; };
		51893FC028DF15B300177A4C /* storyboardAppTests.swift */ = {isa = PBXFileReference; lastKnownFileType = sourcecode.swift; path = storyboardAppTests.swift; sourceTree = "<group>"; };
		51893FC628DF15B300177A4C /* storyboardAppUITests.xctest */ = {isa = PBXFileReference; explicitFileType = wrapper.cfbundle; includeInIndex = 0; path = storyboardAppUITests.xctest; sourceTree = BUILT_PRODUCTS_DIR; };
		51893FCA28DF15B300177A4C /* storyboardAppUITests.swift */ = {isa = PBXFileReference; lastKnownFileType = sourcecode.swift; path = storyboardAppUITests.swift; sourceTree = "<group>"; };
		51893FCC28DF15B300177A4C /* storyboardAppUITestsLaunchTests.swift */ = {isa = PBXFileReference; lastKnownFileType = sourcecode.swift; path = storyboardAppUITestsLaunchTests.swift; sourceTree = "<group>"; };
/* End PBXFileReference section */

/* Begin PBXFrameworksBuildPhase section */
		51893FA328DF15B000177A4C /* Frameworks */ = {
			isa = PBXFrameworksBuildPhase;
			buildActionMask = 2147483647;
			files = (
			);
			runOnlyForDeploymentPostprocessing = 0;
		};
		51893FB928DF15B300177A4C /* Frameworks */ = {
			isa = PBXFrameworksBuildPhase;
			buildActionMask = 2147483647;
			files = (
			);
			runOnlyForDeploymentPostprocessing = 0;
		};
		51893FC328DF15B300177A4C /* Frameworks */ = {
			isa = PBXFrameworksBuildPhase;
			buildActionMask = 2147483647;
			files = (
			);
			runOnlyForDeploymentPostprocessing = 0;
		};
/* End PBXFrameworksBuildPhase section */

/* Begin PBXGroup section */
		51893F9D28DF15B000177A4C = {
			isa = PBXGroup;
			children = (
				51893FA828DF15B000177A4C /* storyboardApp */,
				51893FBF28DF15B300177A4C /* storyboardAppTests */,
				51893FC928DF15B300177A4C /* storyboardAppUITests */,
				51893FA728DF15B000177A4C /* Products */,
			);
			sourceTree = "<group>";
		};
		51893FA728DF15B000177A4C /* Products */ = {
			isa = PBXGroup;
			children = (
				51893FA628DF15B000177A4C /* storyboardApp.app */,
				51893FBC28DF15B300177A4C /* storyboardAppTests.xctest */,
				51893FC628DF15B300177A4C /* storyboardAppUITests.xctest */,
			);
			name = Products;
			sourceTree = "<group>";
		};
		51893FA828DF15B000177A4C /* storyboardApp */ = {
			isa = PBXGroup;
			children = (
				51893FA928DF15B000177A4C /* AppDelegate.swift */,
				51893FAB28DF15B000177A4C /* SceneDelegate.swift */,
				51893FAD28DF15B000177A4C /* ViewController.swift */,
				51893FAF28DF15B000177A4C /* Main.storyboard */,
				51893FB228DF15B200177A4C /* Assets.xcassets */,
				51893FB428DF15B200177A4C /* LaunchScreen.storyboard */,
				51893FB728DF15B200177A4C /* Info.plist */,
			);
			path = storyboardApp;
			sourceTree = "<group>";
		};
		51893FBF28DF15B300177A4C /* storyboardAppTests */ = {
			isa = PBXGroup;
			children = (
				51893FC028DF15B300177A4C /* storyboardAppTests.swift */,
			);
			path = storyboardAppTests;
			sourceTree = "<group>";
		};
		51893FC928DF15B300177A4C /* storyboardAppUITests */ = {
			isa = PBXGroup;
			children = (
				51893FCA28DF15B300177A4C /* storyboardAppUITests.swift */,
				51893FCC28DF15B300177A4C /* storyboardAppUITestsLaunchTests.swift */,
			);
			path = storyboardAppUITests;
			sourceTree = "<group>";
		};
/* End PBXGroup section */

/* Begin PBXNativeTarget section */
		51893FA528DF15B000177A4C /* storyboardApp */ = {
			isa = PBXNativeTarget;
			buildConfigurationList = 51893FD028DF15B300177A4C /* Build configuration list for PBXNativeTarget "storyboardApp" */;
			buildPhases = (
				51893FA228DF15B000177A4C /* Sources */,
				51893FA328DF15B000177A4C /* Frameworks */,
				51893FA428DF15B000177A4C /* Resources */,
			);
			buildRules = (
			);
			dependencies = (
			);
			name = storyboardApp;
			productName = storyboardApp;
			productReference = 51893FA628DF15B000177A4C /* storyboardApp.app */;
			productType = "com.apple.product-type.application";
		};
		51893FBB28DF15B300177A4C /* storyboardAppTests */ = {
			isa = PBXNativeTarget;
			buildConfigurationList = 51893FD328DF15B300177A4C /* Build configuration list for PBXNativeTarget "storyboardAppTests" */;
			buildPhases = (
				51893FB828DF15B300177A4C /* Sources */,
				51893FB928DF15B300177A4C /* Frameworks */,
				51893FBA28DF15B300177A4C /* Resources */,
			);
			buildRules = (
			);
			dependencies = (
				51893FBE28DF15B300177A4C /* PBXTargetDependency */,
			);
			name = storyboardAppTests;
			productName = storyboardAppTests;
			productReference = 51893FBC28DF15B300177A4C /* storyboardAppTests.xctest */;
			productType = "com.apple.product-type.bundle.unit-test";
		};
		51893FC528DF15B300177A4C /* storyboardAppUITests */ = {
			isa = PBXNativeTarget;
			buildConfigurationList = 51893FD628DF15B300177A4C /* Build configuration list for PBXNativeTarget "storyboardAppUITests" */;
			buildPhases = (
				51893FC228DF15B300177A4C /* Sources */,
				51893FC328DF15B300177A4C /* Frameworks */,
				51893FC428DF15B300177A4C /* Resources */,
			);
			buildRules = (
			);
			dependencies = (
				51893FC828DF15B300177A4C /* PBXTargetDependency */,
			);
			name = storyboardAppUITests;
			productName = storyboardAppUITests;
			productReference = 51893FC628DF15B300177A4C /* storyboardAppUITests.xctest */;
			productType = "com.apple.product-type.bundle.ui-testing";
		};
/* End PBXNativeTarget section */

/* Begin PBXProject section */
		51893F9E28DF15B000177A4C /* Project object */ = {
			isa = PBXProject;
			attributes = {
				BuildIndependentTargetsInParallel = 1;
				LastSwiftUpdateCheck = 1340;
				LastUpgradeCheck = 1340;
				TargetAttributes = {
					51893FA528DF15B000177A4C = {
						CreatedOnToolsVersion = 13.4.1;
					};
					51893FBB28DF15B300177A4C = {
						CreatedOnToolsVersion = 13.4.1;
						TestTargetID = 51893FA528DF15B000177A4C;
					};
					51893FC528DF15B300177A4C = {
						CreatedOnToolsVersion = 13.4.1;
						TestTargetID = 51893FA528DF15B000177A4C;
					};
				};
			};
			buildConfigurationList = 51893FA128DF15B000177A4C /* Build configuration list for PBXProject "storyboardApp" */;
			compatibilityVersion = "Xcode 13.0";
			developmentRegion = en;
			hasScannedForEncodings = 0;
			knownRegions = (
				en,
				Base,
			);
			mainGroup = 51893F9D28DF15B000177A4C;
			productRefGroup = 51893FA728DF15B000177A4C /* Products */;
			projectDirPath = "";
			projectRoot = "";
			targets = (
				51893FA528DF15B000177A4C /* storyboardApp */,
				51893FBB28DF15B300177A4C /* storyboardAppTests */,
				51893FC528DF15B300177A4C /* storyboardAppUITests */,
			);
		};
/* End PBXProject section */

/* Begin PBXResourcesBuildPhase section */
		51893FA428DF15B000177A4C /* Resources */ = {
			isa = PBXResourcesBuildPhase;
			buildActionMask = 2147483647;
			files = (
				51893FB628DF15B200177A4C /* LaunchScreen.storyboard in Resources */,
				51893FB328DF15B200177A4C /* Assets.xcassets in Resources */,
				51893FB128DF15B000177A4C /* Main.storyboard in Resources */,
			);
			runOnlyForDeploymentPostprocessing = 0;
		};
		51893FBA28DF15B300177A4C /* Resources */ = {
			isa = PBXResourcesBuildPhase;
			buildActionMask = 2147483647;
			files = (
			);
			runOnlyForDeploymentPostprocessing = 0;
		};
		51893FC428DF15B300177A4C /* Resources */ = {
			isa = PBXResourcesBuildPhase;
			buildActionMask = 2147483647;
			files = (
			);
			runOnlyForDeploymentPostprocessing = 0;
		};
/* End PBXResourcesBuildPhase section */

/* Begin PBXSourcesBuildPhase section */
		51893FA228DF15B000177A4C /* Sources */ = {
			isa = PBXSourcesBuildPhase;
			buildActionMask = 2147483647;
			files = (
				51893FAE28DF15B000177A4C /* ViewController.swift in Sources */,
				51893FAA28DF15B000177A4C /* AppDelegate.swift in Sources */,
				51893FAC28DF15B000177A4C /* SceneDelegate.swift in Sources */,
			);
			runOnlyForDeploymentPostprocessing = 0;
		};
		51893FB828DF15B300177A4C /* Sources */ = {
			isa = PBXSourcesBuildPhase;
			buildActionMask = 2147483647;
			files = (
				51893FC128DF15B300177A4C /* storyboardAppTests.swift in Sources */,
			);
			runOnlyForDeploymentPostprocessing = 0;
		};
		51893FC228DF15B300177A4C /* Sources */ = {
			isa = PBXSourcesBuildPhase;
			buildActionMask = 2147483647;
			files = (
				51893FCB28DF15B300177A4C /* storyboardAppUITests.swift in Sources */,
				51893FCD28DF15B300177A4C /* storyboardAppUITestsLaunchTests.swift in Sources */,
			);
			runOnlyForDeploymentPostprocessing = 0;
		};
/* End PBXSourcesBuildPhase section */

/* Begin PBXTargetDependency section */
		51893FBE28DF15B300177A4C /* PBXTargetDependency */ = {
			isa = PBXTargetDependency;
			target = 51893FA528DF15B000177A4C /* storyboardApp */;
			targetProxy = 51893FBD28DF15B300177A4C /* PBXContainerItemProxy */;
		};
		51893FC828DF15B300177A4C /* PBXTargetDependency */ = {
			isa = PBXTargetDependency;
			target = 51893FA528DF15B000177A4C /* storyboardApp */;
			targetProxy = 51893FC728DF15B300177A4C /* PBXContainerItemProxy */;
		};
/* End PBXTargetDependency section */

/* Begin PBXVariantGroup section */
		51893FAF28DF15B000177A4C /* Main.storyboard */ = {
			isa = PBXVariantGroup;
			children = (
				51893FB028DF15B000177A4C /* Base */,
			);
			name = Main.storyboard;
			sourceTree = "<group>";
		};
		51893FB428DF15B200177A4C /* LaunchScreen.storyboard */ = {
			isa = PBXVariantGroup;
			children = (
				51893FB528DF15B200177A4C /* Base */,
			);
			name = LaunchScreen.storyboard;
			sourceTree = "<group>";
		};
/* End PBXVariantGroup section */

/* Begin XCBuildConfiguration section */
		51893FCE28DF15B300177A4C /* Debug */ = {
			isa = XCBuildConfiguration;
			buildSettings = {
				ALWAYS_SEARCH_USER_PATHS = NO;
				CLANG_ANALYZER_NONNULL = YES;
				CLANG_ANALYZER_NUMBER_OBJECT_CONVERSION = YES_AGGRESSIVE;
				CLANG_CXX_LANGUAGE_STANDARD = "gnu++17";
				CLANG_ENABLE_MODULES = YES;
				CLANG_ENABLE_OBJC_ARC = YES;
				CLANG_ENABLE_OBJC_WEAK = YES;
				CLANG_WARN_BLOCK_CAPTURE_AUTORELEASING = YES;
				CLANG_WARN_BOOL_CONVERSION = YES;
				CLANG_WARN_COMMA = YES;
				CLANG_WARN_CONSTANT_CONVERSION = YES;
				CLANG_WARN_DEPRECATED_OBJC_IMPLEMENTATIONS = YES;
				CLANG_WARN_DIRECT_OBJC_ISA_USAGE = YES_ERROR;
				CLANG_WARN_DOCUMENTATION_COMMENTS = YES;
				CLANG_WARN_EMPTY_BODY = YES;
				CLANG_WARN_ENUM_CONVERSION = YES;
				CLANG_WARN_INFINITE_RECURSION = YES;
				CLANG_WARN_INT_CONVERSION = YES;
				CLANG_WARN_NON_LITERAL_NULL_CONVERSION = YES;
				CLANG_WARN_OBJC_IMPLICIT_RETAIN_SELF = YES;
				CLANG_WARN_OBJC_LITERAL_CONVERSION = YES;
				CLANG_WARN_OBJC_ROOT_CLASS = YES_ERROR;
				CLANG_WARN_QUOTED_INCLUDE_IN_FRAMEWORK_HEADER = YES;
				CLANG_WARN_RANGE_LOOP_ANALYSIS = YES;
				CLANG_WARN_STRICT_PROTOTYPES = YES;
				CLANG_WARN_SUSPICIOUS_MOVE = YES;
				CLANG_WARN_UNGUARDED_AVAILABILITY = YES_AGGRESSIVE;
				CLANG_WARN_UNREACHABLE_CODE = YES;
				CLANG_WARN__DUPLICATE_METHOD_MATCH = YES;
				COPY_PHASE_STRIP = NO;
				DEBUG_INFORMATION_FORMAT = dwarf;
				ENABLE_STRICT_OBJC_MSGSEND = YES;
				ENABLE_TESTABILITY = YES;
				GCC_C_LANGUAGE_STANDARD = gnu11;
				GCC_DYNAMIC_NO_PIC = NO;
				GCC_NO_COMMON_BLOCKS = YES;
				GCC_OPTIMIZATION_LEVEL = 0;
				GCC_PREPROCESSOR_DEFINITIONS = (
					"DEBUG=1",
					"$(inherited)",
				);
				GCC_WARN_64_TO_32_BIT_CONVERSION = YES;
				GCC_WARN_ABOUT_RETURN_TYPE = YES_ERROR;
				GCC_WARN_UNDECLARED_SELECTOR = YES;
				GCC_WARN_UNINITIALIZED_AUTOS = YES_AGGRESSIVE;
				GCC_WARN_UNUSED_FUNCTION = YES;
				GCC_WARN_UNUSED_VARIABLE = YES;
				IPHONEOS_DEPLOYMENT_TARGET = 15.5;
				MTL_ENABLE_DEBUG_INFO = INCLUDE_SOURCE;
				MTL_FAST_MATH = YES;
				ONLY_ACTIVE_ARCH = YES;
				SDKROOT = iphoneos;
				SWIFT_ACTIVE_COMPILATION_CONDITIONS = DEBUG;
				SWIFT_OPTIMIZATION_LEVEL = "-Onone";
			};
			name = Debug;
		};
		51893FCF28DF15B300177A4C /* Release */ = {
			isa = XCBuildConfiguration;
			buildSettings = {
				ALWAYS_SEARCH_USER_PATHS = NO;
				CLANG_ANALYZER_NONNULL = YES;
				CLANG_ANALYZER_NUMBER_OBJECT_CONVERSION = YES_AGGRESSIVE;
				CLANG_CXX_LANGUAGE_STANDARD = "gnu++17";
				CLANG_ENABLE_MODULES = YES;
				CLANG_ENABLE_OBJC_ARC = YES;
				CLANG_ENABLE_OBJC_WEAK = YES;
				CLANG_WARN_BLOCK_CAPTURE_AUTORELEASING = YES;
				CLANG_WARN_BOOL_CONVERSION = YES;
				CLANG_WARN_COMMA = YES;
				CLANG_WARN_CONSTANT_CONVERSION = YES;
				CLANG_WARN_DEPRECATED_OBJC_IMPLEMENTATIONS = YES;
				CLANG_WARN_DIRECT_OBJC_ISA_USAGE = YES_ERROR;
				CLANG_WARN_DOCUMENTATION_COMMENTS = YES;
				CLANG_WARN_EMPTY_BODY = YES;
				CLANG_WARN_ENUM_CONVERSION = YES;
				CLANG_WARN_INFINITE_RECURSION = YES;
				CLANG_WARN_INT_CONVERSION = YES;
				CLANG_WARN_NON_LITERAL_NULL_CONVERSION = YES;
				CLANG_WARN_OBJC_IMPLICIT_RETAIN_SELF = YES;
				CLANG_WARN_OBJC_LITERAL_CONVERSION = YES;
				CLANG_WARN_OBJC_ROOT_CLASS = YES_ERROR;
				CLANG_WARN_QUOTED_INCLUDE_IN_FRAMEWORK_HEADER = YES;
				CLANG_WARN_RANGE_LOOP_ANALYSIS = YES;
				CLANG_WARN_STRICT_PROTOTYPES = YES;
				CLANG_WARN_SUSPICIOUS_MOVE = YES;
				CLANG_WARN_UNGUARDED_AVAILABILITY = YES_AGGRESSIVE;
				CLANG_WARN_UNREACHABLE_CODE = YES;
				CLANG_WARN__DUPLICATE_METHOD_MATCH = YES;
				COPY_PHASE_STRIP = NO;
				DEBUG_INFORMATION_FORMAT = "dwarf-with-dsym";
				ENABLE_NS_ASSERTIONS = NO;
				ENABLE_STRICT_OBJC_MSGSEND = YES;
				GCC_C_LANGUAGE_STANDARD = gnu11;
				GCC_NO_COMMON_BLOCKS = YES;
				GCC_WARN_64_TO_32_BIT_CONVERSION = YES;
				GCC_WARN_ABOUT_RETURN_TYPE = YES_ERROR;
				GCC_WARN_UNDECLARED_SELECTOR = YES;
				GCC_WARN_UNINITIALIZED_AUTOS = YES_AGGRESSIVE;
				GCC_WARN_UNUSED_FUNCTION = YES;
				GCC_WARN_UNUSED_VARIABLE = YES;
				IPHONEOS_DEPLOYMENT_TARGET = 15.5;
				MTL_ENABLE_DEBUG_INFO = NO;
				MTL_FAST_MATH = YES;
				SDKROOT = iphoneos;
				SWIFT_COMPILATION_MODE = wholemodule;
				SWIFT_OPTIMIZATION_LEVEL = "-O";
				VALIDATE_PRODUCT = YES;
			};
			name = Release;
		};
		51893FD128DF15B300177A4C /* Debug */ = {
			isa = XCBuildConfiguration;
			buildSettings = {
				ASSETCATALOG_COMPILER_APPICON_NAME = AppIcon;
				ASSETCATALOG_COMPILER_GLOBAL_ACCENT_COLOR_NAME = AccentColor;
				CODE_SIGN_STYLE = Automatic;
				CURRENT_PROJECT_VERSION = 1;
				GENERATE_INFOPLIST_FILE = YES;
				INFOPLIST_FILE = storyboardApp/Info.plist;
				INFOPLIST_KEY_UIApplicationSupportsIndirectInputEvents = YES;
				INFOPLIST_KEY_UILaunchStoryboardName = LaunchScreen;
				INFOPLIST_KEY_UIMainStoryboardFile = Main;
				INFOPLIST_KEY_UISupportedInterfaceOrientations_iPad = "UIInterfaceOrientationPortrait UIInterfaceOrientationPortraitUpsideDown UIInterfaceOrientationLandscapeLeft UIInterfaceOrientationLandscapeRight";
				INFOPLIST_KEY_UISupportedInterfaceOrientations_iPhone = "UIInterfaceOrientationPortrait UIInterfaceOrientationLandscapeLeft UIInterfaceOrientationLandscapeRight";
				LD_RUNPATH_SEARCH_PATHS = (
					"$(inherited)",
					"@executable_path/Frameworks",
				);
				MARKETING_VERSION = 1.0;
				PRODUCT_BUNDLE_IDENTIFIER = chenjiaqi.storyboardApp;
				PRODUCT_NAME = "$(TARGET_NAME)";
				SWIFT_EMIT_LOC_STRINGS = YES;
				SWIFT_VERSION = 5.0;
				TARGETED_DEVICE_FAMILY = "1,2";
			};
			name = Debug;
		};
		51893FD228DF15B300177A4C /* Release */ = {
			isa = XCBuildConfiguration;
			buildSettings = {
				ASSETCATALOG_COMPILER_APPICON_NAME = AppIcon;
				ASSETCATALOG_COMPILER_GLOBAL_ACCENT_COLOR_NAME = AccentColor;
				CODE_SIGN_STYLE = Automatic;
				CURRENT_PROJECT_VERSION = 1;
				GENERATE_INFOPLIST_FILE = YES;
				INFOPLIST_FILE = storyboardApp/Info.plist;
				INFOPLIST_KEY_UIApplicationSupportsIndirectInputEvents = YES;
				INFOPLIST_KEY_UILaunchStoryboardName = LaunchScreen;
				INFOPLIST_KEY_UIMainStoryboardFile = Main;
				INFOPLIST_KEY_UISupportedInterfaceOrientations_iPad = "UIInterfaceOrientationPortrait UIInterfaceOrientationPortraitUpsideDown UIInterfaceOrientationLandscapeLeft UIInterfaceOrientationLandscapeRight";
				INFOPLIST_KEY_UISupportedInterfaceOrientations_iPhone = "UIInterfaceOrientationPortrait UIInterfaceOrientationLandscapeLeft UIInterfaceOrientationLandscapeRight";
				LD_RUNPATH_SEARCH_PATHS = (
					"$(inherited)",
					"@executable_path/Frameworks",
				);
				MARKETING_VERSION = 1.0;
				PRODUCT_BUNDLE_IDENTIFIER = chenjiaqi.storyboardApp;
				PRODUCT_NAME = "$(TARGET_NAME)";
				SWIFT_EMIT_LOC_STRINGS = YES;
				SWIFT_VERSION = 5.0;
				TARGETED_DEVICE_FAMILY = "1,2";
			};
			name = Release;
		};
		51893FD428DF15B300177A4C /* Debug */ = {
			isa = XCBuildConfiguration;
			buildSettings = {
				ALWAYS_EMBED_SWIFT_STANDARD_LIBRARIES = YES;
				BUNDLE_LOADER = "$(TEST_HOST)";
				CODE_SIGN_STYLE = Automatic;
				CURRENT_PROJECT_VERSION = 1;
				GENERATE_INFOPLIST_FILE = YES;
				IPHONEOS_DEPLOYMENT_TARGET = 15.5;
				MARKETING_VERSION = 1.0;
				PRODUCT_BUNDLE_IDENTIFIER = chenjiaqi.storyboardAppTests;
				PRODUCT_NAME = "$(TARGET_NAME)";
				SWIFT_EMIT_LOC_STRINGS = NO;
				SWIFT_VERSION = 5.0;
				TARGETED_DEVICE_FAMILY = "1,2";
				TEST_HOST = "$(BUILT_PRODUCTS_DIR)/storyboardApp.app/storyboardApp";
			};
			name = Debug;
		};
		51893FD528DF15B300177A4C /* Release */ = {
			isa = XCBuildConfiguration;
			buildSettings = {
				ALWAYS_EMBED_SWIFT_STANDARD_LIBRARIES = YES;
				BUNDLE_LOADER = "$(TEST_HOST)";
				CODE_SIGN_STYLE = Automatic;
				CURRENT_PROJECT_VERSION = 1;
				GENERATE_INFOPLIST_FILE = YES;
				IPHONEOS_DEPLOYMENT_TARGET = 15.5;
				MARKETING_VERSION = 1.0;
				PRODUCT_BUNDLE_IDENTIFIER = chenjiaqi.storyboardAppTests;
				PRODUCT_NAME = "$(TARGET_NAME)";
				SWIFT_EMIT_LOC_STRINGS = NO;
				SWIFT_VERSION = 5.0;
				TARGETED_DEVICE_FAMILY = "1,2";
				TEST_HOST = "$(BUILT_PRODUCTS_DIR)/storyboardApp.app/storyboardApp";
			};
			name = Release;
		};
		51893FD728DF15B300177A4C /* Debug */ = {
			isa = XCBuildConfiguration;
			buildSettings = {
				ALWAYS_EMBED_SWIFT_STANDARD_LIBRARIES = YES;
				CODE_SIGN_STYLE = Automatic;
				CURRENT_PROJECT_VERSION = 1;
				GENERATE_INFOPLIST_FILE = YES;
				MARKETING_VERSION = 1.0;
				PRODUCT_BUNDLE_IDENTIFIER = chenjiaqi.storyboardAppUITests;
				PRODUCT_NAME = "$(TARGET_NAME)";
				SWIFT_EMIT_LOC_STRINGS = NO;
				SWIFT_VERSION = 5.0;
				TARGETED_DEVICE_FAMILY = "1,2";
				TEST_TARGET_NAME = storyboardApp;
			};
			name = Debug;
		};
		51893FD828DF15B300177A4C /* Release */ = {
			isa = XCBuildConfiguration;
			buildSettings = {
				ALWAYS_EMBED_SWIFT_STANDARD_LIBRARIES = YES;
				CODE_SIGN_STYLE = Automatic;
				CURRENT_PROJECT_VERSION = 1;
				GENERATE_INFOPLIST_FILE = YES;
				MARKETING_VERSION = 1.0;
				PRODUCT_BUNDLE_IDENTIFIER = chenjiaqi.storyboardAppUITests;
				PRODUCT_NAME = "$(TARGET_NAME)";
				SWIFT_EMIT_LOC_STRINGS = NO;
				SWIFT_VERSION = 5.0;
				TARGETED_DEVICE_FAMILY = "1,2";
				TEST_TARGET_NAME = storyboardApp;
			};
			name = Release;
		};
/* End XCBuildConfiguration section */

/* Begin XCConfigurationList section */
		51893FA128DF15B000177A4C /* Build configuration list for PBXProject "storyboardApp" */ = {
			isa = XCConfigurationList;
			buildConfigurations = (
				51893FCE28DF15B300177A4C /* Debug */,
				51893FCF28DF15B300177A4C /* Release */,
			);
			defaultConfigurationIsVisible = 0;
			defaultConfigurationName = Release;
		};
		51893FD028DF15B300177A4C /* Build configuration list for PBXNativeTarget "storyboardApp" */ = {
			isa = XCConfigurationList;
			buildConfigurations = (
				51893FD128DF15B300177A4C /* Debug */,
				51893FD228DF15B300177A4C /* Release */,
			);
			defaultConfigurationIsVisible = 0;
			defaultConfigurationName = Release;
		};
		51893FD328DF15B300177A4C /* Build configuration list for PBXNativeTarget "storyboardAppTests" */ = {
			isa = XCConfigurationList;
			buildConfigurations = (
				51893FD428DF15B300177A4C /* Debug */,
				51893FD528DF15B300177A4C /* Release */,
			);
			defaultConfigurationIsVisible = 0;
			defaultConfigurationName = Release;
		};
		51893FD628DF15B300177A4C /* Build configuration list for PBXNativeTarget "storyboardAppUITests" */ = {
			isa = XCConfigurationList;
			buildConfigurations = (
				51893FD728DF15B300177A4C /* Debug */,
				51893FD828DF15B300177A4C /* Release */,
			);
			defaultConfigurationIsVisible = 0;
			defaultConfigurationName = Release;
		};
/* End XCConfigurationList section */
	};
	rootObject = 51893F9E28DF15B000177A4C /* Project object */;
}
